
Microsoft Visual Studio Solution File, Format Version 12.00
Project("{FAE04EC0-301F-11D3-BF4B-00C04F79EFBC}") = "MVC", "MVC\MVC.csproj", "{F10B2F1B-1D66-45FB-9ED6-25DC0138C756}"
EndProject
Project("{FAE04EC0-301F-11D3-BF4B-00C04F79EFBC}") = "BLL", "BLL\BLL.csproj", "{5917433D-2DC3-43AC-AB3E-B90DCBEBED60}"
EndProject
Global
	GlobalSection(SolutionConfigurationPlatforms) = preSolution
		Debug|Any CPU = Debug|Any CPU
		Release|Any CPU = Release|Any CPU
	EndGlobalSection
	GlobalSection(ProjectConfigurationPlatforms) = postSolution
		{F10B2F1B-1D66-45FB-9ED6-25DC0138C756}.Debug|Any CPU.ActiveCfg = Debug|Any CPU
		{F10B2F1B-1D66-45FB-9ED6-25DC0138C756}.Debug|Any CPU.Build.0 = Debug|Any CPU
		{F10B2F1B-1D66-45FB-9ED6-25DC0138C756}.Release|Any CPU.ActiveCfg = Release|Any CPU
		{F10B2F1B-1D66-45FB-9ED6-25DC0138C756}.Release|Any CPU.Build.0 = Release|Any CPU
		{5917433D-2DC3-43AC-AB3E-B90DCBEBED60}.Debug|Any CPU.ActiveCfg = Debug|Any CPU
		{5917433D-2DC3-43AC-AB3E-B90DCBEBED60}.Debug|Any CPU.Build.0 = Debug|Any CPU
		{5917433D-2DC3-43AC-AB3E-B90DCBEBED60}.Release|Any CPU.ActiveCfg = Release|Any CPU
		{5917433D-2DC3-43AC-AB3E-B90DCBEBED60}.Release|Any CPU.Build.0 = Release|Any CPU
	EndGlobalSection
EndGlobal
